// !$*UTF8*$!
{
	archiveVersion = 1;
	classes = {
	};
	objectVersion = 56;
	objects = {

/* Begin PBXBuildFile section */
		FA8A7F232B9EFA6200894B8C /* InfinityApp.swift in Sources */ = {isa = PBXBuildFile; fileRef = FA8A7F202B9EFA6200894B8C /* InfinityApp.swift */; };
		FA8A7F242B9EFA6200894B8C /* ContentView.swift in Sources */ = {isa = PBXBuildFile; fileRef = FA8A7F212B9EFA6200894B8C /* ContentView.swift */; };
		FA8A7F262B9EFA6D00894B8C /* MapView.swift in Sources */ = {isa = PBXBuildFile; fileRef = FA8A7F252B9EFA6D00894B8C /* MapView.swift */; };
		FA8A7F282B9EFB5000894B8C /* MapViewModel.swift in Sources */ = {isa = PBXBuildFile; fileRef = FA8A7F272B9EFB5000894B8C /* MapViewModel.swift */; };
		FA8A7F2E2B9F0C8800894B8C /* Assets.xcassets in Resources */ = {isa = PBXBuildFile; fileRef = FA8A7F2B2B9F0C8800894B8C /* Assets.xcassets */; };
		FA8A7F2F2B9F0C8800894B8C /* Preview Assets.xcassets in Resources */ = {isa = PBXBuildFile; fileRef = FA8A7F2D2B9F0C8800894B8C /* Preview Assets.xcassets */; };
		FA8A7F322B9F0E2F00894B8C /* MapModel.swift in Sources */ = {isa = PBXBuildFile; fileRef = FA8A7F312B9F0E2F00894B8C /* MapModel.swift */; };
		FA8A7F342B9F0E4500894B8C /* MapSquare.swift in Sources */ = {isa = PBXBuildFile; fileRef = FA8A7F332B9F0E4500894B8C /* MapSquare.swift */; };
		FA8A7F382B9F0F9200894B8C /* MapChunkCanvas.swift in Sources */ = {isa = PBXBuildFile; fileRef = FA8A7F372B9F0F9200894B8C /* MapChunkCanvas.swift */; };
		FA8A7F3A2BA18B6400894B8C /* MapConstants.swift in Sources */ = {isa = PBXBuildFile; fileRef = FA8A7F392BA18B6400894B8C /* MapConstants.swift */; };
		FA8A7F3C2BA18FCA00894B8C /* MapChunkView.swift in Sources */ = {isa = PBXBuildFile; fileRef = FA8A7F3B2BA18FCA00894B8C /* MapChunkView.swift */; };
		FA8A7F3E2BA1904400894B8C /* MapChunk.swift in Sources */ = {isa = PBXBuildFile; fileRef = FA8A7F3D2BA1904400894B8C /* MapChunk.swift */; };
/* End PBXBuildFile section */

/* Begin PBXFileReference section */
		FA8A7F0D2B9EF2D600894B8C /* Infinity.app */ = {isa = PBXFileReference; explicitFileType = wrapper.application; includeInIndex = 0; path = Infinity.app; sourceTree = BUILT_PRODUCTS_DIR; };
		FA8A7F202B9EFA6200894B8C /* InfinityApp.swift */ = {isa = PBXFileReference; fileEncoding = 4; lastKnownFileType = sourcecode.swift; path = InfinityApp.swift; sourceTree = "<group>"; };
		FA8A7F212B9EFA6200894B8C /* ContentView.swift */ = {isa = PBXFileReference; fileEncoding = 4; lastKnownFileType = sourcecode.swift; path = ContentView.swift; sourceTree = "<group>"; };
		FA8A7F252B9EFA6D00894B8C /* MapView.swift */ = {isa = PBXFileReference; lastKnownFileType = sourcecode.swift; path = MapView.swift; sourceTree = "<group>"; };
		FA8A7F272B9EFB5000894B8C /* MapViewModel.swift */ = {isa = PBXFileReference; lastKnownFileType = sourcecode.swift; path = MapViewModel.swift; sourceTree = "<group>"; };
		FA8A7F2B2B9F0C8800894B8C /* Assets.xcassets */ = {isa = PBXFileReference; lastKnownFileType = folder.assetcatalog; path = Assets.xcassets; sourceTree = "<group>"; };
		FA8A7F2D2B9F0C8800894B8C /* Preview Assets.xcassets */ = {isa = PBXFileReference; lastKnownFileType = folder.assetcatalog; path = "Preview Assets.xcassets"; sourceTree = "<group>"; };
		FA8A7F312B9F0E2F00894B8C /* MapModel.swift */ = {isa = PBXFileReference; lastKnownFileType = sourcecode.swift; path = MapModel.swift; sourceTree = "<group>"; };
		FA8A7F332B9F0E4500894B8C /* MapSquare.swift */ = {isa = PBXFileReference; lastKnownFileType = sourcecode.swift; path = MapSquare.swift; sourceTree = "<group>"; };
		FA8A7F372B9F0F9200894B8C /* MapChunkCanvas.swift */ = {isa = PBXFileReference; lastKnownFileType = sourcecode.swift; path = MapChunkCanvas.swift; sourceTree = "<group>"; };
		FA8A7F392BA18B6400894B8C /* MapConstants.swift */ = {isa = PBXFileReference; lastKnownFileType = sourcecode.swift; path = MapConstants.swift; sourceTree = "<group>"; };
		FA8A7F3B2BA18FCA00894B8C /* MapChunkView.swift */ = {isa = PBXFileReference; lastKnownFileType = sourcecode.swift; path = MapChunkView.swift; sourceTree = "<group>"; };
		FA8A7F3D2BA1904400894B8C /* MapChunk.swift */ = {isa = PBXFileReference; lastKnownFileType = sourcecode.swift; path = MapChunk.swift; sourceTree = "<group>"; };
/* End PBXFileReference section */

/* Begin PBXFrameworksBuildPhase section */
		FA8A7F0A2B9EF2D600894B8C /* Frameworks */ = {
			isa = PBXFrameworksBuildPhase;
			buildActionMask = 2147483647;
			files = (
			);
			runOnlyForDeploymentPostprocessing = 0;
		};
/* End PBXFrameworksBuildPhase section */

/* Begin PBXGroup section */
		FA8A7F042B9EF2D600894B8C = {
			isa = PBXGroup;
			children = (
				FA8A7F0F2B9EF2D600894B8C /* Infinity */,
				FA8A7F0E2B9EF2D600894B8C /* Products */,
			);
			sourceTree = "<group>";
		};
		FA8A7F0E2B9EF2D600894B8C /* Products */ = {
			isa = PBXGroup;
			children = (
				FA8A7F0D2B9EF2D600894B8C /* Infinity.app */,
			);
			name = Products;
			sourceTree = "<group>";
		};
		FA8A7F0F2B9EF2D600894B8C /* Infinity */ = {
			isa = PBXGroup;
			children = (
				FA8A7F2A2B9F0C8800894B8C /* Resource */,
				FA8A7F292B9F0C6A00894B8C /* Model */,
				FA8A7F1E2B9EFA6200894B8C /* Scene */,
			);
			path = Infinity;
			sourceTree = "<group>";
		};
		FA8A7F1E2B9EFA6200894B8C /* Scene */ = {
			isa = PBXGroup;
			children = (
				FA8A7F1F2B9EFA6200894B8C /* App */,
				FA8A7F222B9EFA6200894B8C /* Map */,
			);
			path = Scene;
			sourceTree = "<group>";
		};
		FA8A7F1F2B9EFA6200894B8C /* App */ = {
			isa = PBXGroup;
			children = (
				FA8A7F202B9EFA6200894B8C /* InfinityApp.swift */,
				FA8A7F212B9EFA6200894B8C /* ContentView.swift */,
			);
			path = App;
			sourceTree = "<group>";
		};
		FA8A7F222B9EFA6200894B8C /* Map */ = {
			isa = PBXGroup;
			children = (
				FA8A7F252B9EFA6D00894B8C /* MapView.swift */,
				FA8A7F272B9EFB5000894B8C /* MapViewModel.swift */,
				FA8A7F372B9F0F9200894B8C /* MapChunkCanvas.swift */,
				FA8A7F392BA18B6400894B8C /* MapConstants.swift */,
				FA8A7F3B2BA18FCA00894B8C /* MapChunkView.swift */,
			);
			path = Map;
			sourceTree = "<group>";
		};
		FA8A7F292B9F0C6A00894B8C /* Model */ = {
			isa = PBXGroup;
			children = (
				FA8A7F302B9F0CD600894B8C /* Map */,
			);
			path = Model;
			sourceTree = "<group>";
		};
		FA8A7F2A2B9F0C8800894B8C /* Resource */ = {
			isa = PBXGroup;
			children = (
				FA8A7F2B2B9F0C8800894B8C /* Assets.xcassets */,
				FA8A7F2C2B9F0C8800894B8C /* Preview Content */,
			);
			path = Resource;
			sourceTree = "<group>";
		};
		FA8A7F2C2B9F0C8800894B8C /* Preview Content */ = {
			isa = PBXGroup;
			children = (
				FA8A7F2D2B9F0C8800894B8C /* Preview Assets.xcassets */,
			);
			path = "Preview Content";
			sourceTree = "<group>";
		};
		FA8A7F302B9F0CD600894B8C /* Map */ = {
			isa = PBXGroup;
			children = (
				FA8A7F312B9F0E2F00894B8C /* MapModel.swift */,
				FA8A7F332B9F0E4500894B8C /* MapSquare.swift */,
				FA8A7F3D2BA1904400894B8C /* MapChunk.swift */,
			);
			path = Map;
			sourceTree = "<group>";
		};
/* End PBXGroup section */

/* Begin PBXNativeTarget section */
		FA8A7F0C2B9EF2D600894B8C /* Infinity */ = {
			isa = PBXNativeTarget;
			buildConfigurationList = FA8A7F1B2B9EF2D700894B8C /* Build configuration list for PBXNativeTarget "Infinity" */;
			buildPhases = (
				FA8A7F092B9EF2D600894B8C /* Sources */,
				FA8A7F0A2B9EF2D600894B8C /* Frameworks */,
				FA8A7F0B2B9EF2D600894B8C /* Resources */,
			);
			buildRules = (
			);
			dependencies = (
			);
			name = Infinity;
			productName = Infinity;
			productReference = FA8A7F0D2B9EF2D600894B8C /* Infinity.app */;
			productType = "com.apple.product-type.application";
		};
/* End PBXNativeTarget section */

/* Begin PBXProject section */
		FA8A7F052B9EF2D600894B8C /* Project object */ = {
			isa = PBXProject;
			attributes = {
				BuildIndependentTargetsInParallel = 1;
				LastSwiftUpdateCheck = 1510;
				LastUpgradeCheck = 1510;
				TargetAttributes = {
					FA8A7F0C2B9EF2D600894B8C = {
						CreatedOnToolsVersion = 15.1;
					};
				};
			};
			buildConfigurationList = FA8A7F082B9EF2D600894B8C /* Build configuration list for PBXProject "Infinity" */;
			compatibilityVersion = "Xcode 14.0";
			developmentRegion = en;
			hasScannedForEncodings = 0;
			knownRegions = (
				en,
				Base,
			);
			mainGroup = FA8A7F042B9EF2D600894B8C;
			productRefGroup = FA8A7F0E2B9EF2D600894B8C /* Products */;
			projectDirPath = "";
			projectRoot = "";
			targets = (
				FA8A7F0C2B9EF2D600894B8C /* Infinity */,
			);
		};
/* End PBXProject section */

/* Begin PBXResourcesBuildPhase section */
		FA8A7F0B2B9EF2D600894B8C /* Resources */ = {
			isa = PBXResourcesBuildPhase;
			buildActionMask = 2147483647;
			files = (
				FA8A7F2F2B9F0C8800894B8C /* Preview Assets.xcassets in Resources */,
				FA8A7F2E2B9F0C8800894B8C /* Assets.xcassets in Resources */,
			);
			runOnlyForDeploymentPostprocessing = 0;
		};
/* End PBXResourcesBuildPhase section */

/* Begin PBXSourcesBuildPhase section */
		FA8A7F092B9EF2D600894B8C /* Sources */ = {
			isa = PBXSourcesBuildPhase;
			buildActionMask = 2147483647;
			files = (
				FA8A7F3E2BA1904400894B8C /* MapChunk.swift in Sources */,
				FA8A7F3A2BA18B6400894B8C /* MapConstants.swift in Sources */,
				FA8A7F232B9EFA6200894B8C /* InfinityApp.swift in Sources */,
				FA8A7F382B9F0F9200894B8C /* MapChunkCanvas.swift in Sources */,
				FA8A7F3C2BA18FCA00894B8C /* MapChunkView.swift in Sources */,
				FA8A7F342B9F0E4500894B8C /* MapSquare.swift in Sources */,
				FA8A7F322B9F0E2F00894B8C /* MapModel.swift in Sources */,
				FA8A7F262B9EFA6D00894B8C /* MapView.swift in Sources */,
				FA8A7F242B9EFA6200894B8C /* ContentView.swift in Sources */,
				FA8A7F282B9EFB5000894B8C /* MapViewModel.swift in Sources */,
			);
			runOnlyForDeploymentPostprocessing = 0;
		};
/* End PBXSourcesBuildPhase section */

/* Begin XCBuildConfiguration section */
		FA8A7F192B9EF2D700894B8C /* Debug */ = {
			isa = XCBuildConfiguration;
			buildSettings = {
				ALWAYS_SEARCH_USER_PATHS = NO;
				ASSETCATALOG_COMPILER_GENERATE_SWIFT_ASSET_SYMBOL_EXTENSIONS = YES;
				CLANG_ANALYZER_NONNULL = YES;
				CLANG_ANALYZER_NUMBER_OBJECT_CONVERSION = YES_AGGRESSIVE;
				CLANG_CXX_LANGUAGE_STANDARD = "gnu++20";
				CLANG_ENABLE_MODULES = YES;
				CLANG_ENABLE_OBJC_ARC = YES;
				CLANG_ENABLE_OBJC_WEAK = YES;
				CLANG_WARN_BLOCK_CAPTURE_AUTORELEASING = YES;
				CLANG_WARN_BOOL_CONVERSION = YES;
				CLANG_WARN_COMMA = YES;
				CLANG_WARN_CONSTANT_CONVERSION = YES;
				CLANG_WARN_DEPRECATED_OBJC_IMPLEMENTATIONS = YES;
				CLANG_WARN_DIRECT_OBJC_ISA_USAGE = YES_ERROR;
				CLANG_WARN_DOCUMENTATION_COMMENTS = YES;
				CLANG_WARN_EMPTY_BODY = YES;
				CLANG_WARN_ENUM_CONVERSION = YES;
				CLANG_WARN_INFINITE_RECURSION = YES;
				CLANG_WARN_INT_CONVERSION = YES;
				CLANG_WARN_NON_LITERAL_NULL_CONVERSION = YES;
				CLANG_WARN_OBJC_IMPLICIT_RETAIN_SELF = YES;
				CLANG_WARN_OBJC_LITERAL_CONVERSION = YES;
				CLANG_WARN_OBJC_ROOT_CLASS = YES_ERROR;
				CLANG_WARN_QUOTED_INCLUDE_IN_FRAMEWORK_HEADER = YES;
				CLANG_WARN_RANGE_LOOP_ANALYSIS = YES;
				CLANG_WARN_STRICT_PROTOTYPES = YES;
				CLANG_WARN_SUSPICIOUS_MOVE = YES;
				CLANG_WARN_UNGUARDED_AVAILABILITY = YES_AGGRESSIVE;
				CLANG_WARN_UNREACHABLE_CODE = YES;
				CLANG_WARN__DUPLICATE_METHOD_MATCH = YES;
				COPY_PHASE_STRIP = NO;
				DEBUG_INFORMATION_FORMAT = dwarf;
				ENABLE_STRICT_OBJC_MSGSEND = YES;
				ENABLE_TESTABILITY = YES;
				ENABLE_USER_SCRIPT_SANDBOXING = YES;
				GCC_C_LANGUAGE_STANDARD = gnu17;
				GCC_DYNAMIC_NO_PIC = NO;
				GCC_NO_COMMON_BLOCKS = YES;
				GCC_OPTIMIZATION_LEVEL = 0;
				GCC_PREPROCESSOR_DEFINITIONS = (
					"DEBUG=1",
					"$(inherited)",
				);
				GCC_WARN_64_TO_32_BIT_CONVERSION = YES;
				GCC_WARN_ABOUT_RETURN_TYPE = YES_ERROR;
				GCC_WARN_UNDECLARED_SELECTOR = YES;
				GCC_WARN_UNINITIALIZED_AUTOS = YES_AGGRESSIVE;
				GCC_WARN_UNUSED_FUNCTION = YES;
				GCC_WARN_UNUSED_VARIABLE = YES;
				IPHONEOS_DEPLOYMENT_TARGET = 17.2;
				LOCALIZATION_PREFERS_STRING_CATALOGS = YES;
				MTL_ENABLE_DEBUG_INFO = INCLUDE_SOURCE;
				MTL_FAST_MATH = YES;
				ONLY_ACTIVE_ARCH = YES;
				SDKROOT = iphoneos;
				SWIFT_ACTIVE_COMPILATION_CONDITIONS = "DEBUG $(inherited)";
				SWIFT_OPTIMIZATION_LEVEL = "-Onone";
			};
			name = Debug;
		};
		FA8A7F1A2B9EF2D700894B8C /* Release */ = {
			isa = XCBuildConfiguration;
			buildSettings = {
				ALWAYS_SEARCH_USER_PATHS = NO;
				ASSETCATALOG_COMPILER_GENERATE_SWIFT_ASSET_SYMBOL_EXTENSIONS = YES;
				CLANG_ANALYZER_NONNULL = YES;
				CLANG_ANALYZER_NUMBER_OBJECT_CONVERSION = YES_AGGRESSIVE;
				CLANG_CXX_LANGUAGE_STANDARD = "gnu++20";
				CLANG_ENABLE_MODULES = YES;
				CLANG_ENABLE_OBJC_ARC = YES;
				CLANG_ENABLE_OBJC_WEAK = YES;
				CLANG_WARN_BLOCK_CAPTURE_AUTORELEASING = YES;
				CLANG_WARN_BOOL_CONVERSION = YES;
				CLANG_WARN_COMMA = YES;
				CLANG_WARN_CONSTANT_CONVERSION = YES;
				CLANG_WARN_DEPRECATED_OBJC_IMPLEMENTATIONS = YES;
				CLANG_WARN_DIRECT_OBJC_ISA_USAGE = YES_ERROR;
				CLANG_WARN_DOCUMENTATION_COMMENTS = YES;
				CLANG_WARN_EMPTY_BODY = YES;
				CLANG_WARN_ENUM_CONVERSION = YES;
				CLANG_WARN_INFINITE_RECURSION = YES;
				CLANG_WARN_INT_CONVERSION = YES;
				CLANG_WARN_NON_LITERAL_NULL_CONVERSION = YES;
				CLANG_WARN_OBJC_IMPLICIT_RETAIN_SELF = YES;
				CLANG_WARN_OBJC_LITERAL_CONVERSION = YES;
				CLANG_WARN_OBJC_ROOT_CLASS = YES_ERROR;
				CLANG_WARN_QUOTED_INCLUDE_IN_FRAMEWORK_HEADER = YES;
				CLANG_WARN_RANGE_LOOP_ANALYSIS = YES;
				CLANG_WARN_STRICT_PROTOTYPES = YES;
				CLANG_WARN_SUSPICIOUS_MOVE = YES;
				CLANG_WARN_UNGUARDED_AVAILABILITY = YES_AGGRESSIVE;
				CLANG_WARN_UNREACHABLE_CODE = YES;
				CLANG_WARN__DUPLICATE_METHOD_MATCH = YES;
				COPY_PHASE_STRIP = NO;
				DEBUG_INFORMATION_FORMAT = "dwarf-with-dsym";
				ENABLE_NS_ASSERTIONS = NO;
				ENABLE_STRICT_OBJC_MSGSEND = YES;
				ENABLE_USER_SCRIPT_SANDBOXING = YES;
				GCC_C_LANGUAGE_STANDARD = gnu17;
				GCC_NO_COMMON_BLOCKS = YES;
				GCC_WARN_64_TO_32_BIT_CONVERSION = YES;
				GCC_WARN_ABOUT_RETURN_TYPE = YES_ERROR;
				GCC_WARN_UNDECLARED_SELECTOR = YES;
				GCC_WARN_UNINITIALIZED_AUTOS = YES_AGGRESSIVE;
				GCC_WARN_UNUSED_FUNCTION = YES;
				GCC_WARN_UNUSED_VARIABLE = YES;
				IPHONEOS_DEPLOYMENT_TARGET = 17.2;
				LOCALIZATION_PREFERS_STRING_CATALOGS = YES;
				MTL_ENABLE_DEBUG_INFO = NO;
				MTL_FAST_MATH = YES;
				SDKROOT = iphoneos;
				SWIFT_COMPILATION_MODE = wholemodule;
				VALIDATE_PRODUCT = YES;
			};
			name = Release;
		};
		FA8A7F1C2B9EF2D700894B8C /* Debug */ = {
			isa = XCBuildConfiguration;
			buildSettings = {
				ASSETCATALOG_COMPILER_APPICON_NAME = AppIcon;
				ASSETCATALOG_COMPILER_GLOBAL_ACCENT_COLOR_NAME = AccentColor;
				CODE_SIGN_STYLE = Automatic;
				CURRENT_PROJECT_VERSION = 1;
				DEVELOPMENT_ASSET_PATHS = "\"Infinity/Resource/Preview Content\"";
				DEVELOPMENT_TEAM = X4S6MUZL2D;
				ENABLE_PREVIEWS = YES;
				GENERATE_INFOPLIST_FILE = YES;
				INFOPLIST_KEY_UIApplicationSceneManifest_Generation = YES;
				INFOPLIST_KEY_UIApplicationSupportsIndirectInputEvents = YES;
				INFOPLIST_KEY_UILaunchScreen_Generation = YES;
				INFOPLIST_KEY_UISupportedInterfaceOrientations_iPad = "UIInterfaceOrientationPortrait UIInterfaceOrientationPortraitUpsideDown UIInterfaceOrientationLandscapeLeft UIInterfaceOrientationLandscapeRight";
				INFOPLIST_KEY_UISupportedInterfaceOrientations_iPhone = "UIInterfaceOrientationPortrait UIInterfaceOrientationLandscapeLeft UIInterfaceOrientationLandscapeRight";
				LD_RUNPATH_SEARCH_PATHS = (
					"$(inherited)",
					"@executable_path/Frameworks",
				);
				MARKETING_VERSION = 1.0;
				PRODUCT_BUNDLE_IDENTIFIER = com.skorulis.Infinity;
				PRODUCT_NAME = "$(TARGET_NAME)";
				SWIFT_EMIT_LOC_STRINGS = YES;
				SWIFT_VERSION = 5.0;
				TARGETED_DEVICE_FAMILY = "1,2";
			};
			name = Debug;
		};
		FA8A7F1D2B9EF2D700894B8C /* Release */ = {
			isa = XCBuildConfiguration;
			buildSettings = {
				ASSETCATALOG_COMPILER_APPICON_NAME = AppIcon;
				ASSETCATALOG_COMPILER_GLOBAL_ACCENT_COLOR_NAME = AccentColor;
				CODE_SIGN_STYLE = Automatic;
				CURRENT_PROJECT_VERSION = 1;
				DEVELOPMENT_ASSET_PATHS = "\"Infinity/Resource/Preview Content\"";
				DEVELOPMENT_TEAM = X4S6MUZL2D;
				ENABLE_PREVIEWS = YES;
				GENERATE_INFOPLIST_FILE = YES;
				INFOPLIST_KEY_UIApplicationSceneManifest_Generation = YES;
				INFOPLIST_KEY_UIApplicationSupportsIndirectInputEvents = YES;
				INFOPLIST_KEY_UILaunchScreen_Generation = YES;
				INFOPLIST_KEY_UISupportedInterfaceOrientations_iPad = "UIInterfaceOrientationPortrait UIInterfaceOrientationPortraitUpsideDown UIInterfaceOrientationLandscapeLeft UIInterfaceOrientationLandscapeRight";
				INFOPLIST_KEY_UISupportedInterfaceOrientations_iPhone = "UIInterfaceOrientationPortrait UIInterfaceOrientationLandscapeLeft UIInterfaceOrientationLandscapeRight";
				LD_RUNPATH_SEARCH_PATHS = (
					"$(inherited)",
					"@executable_path/Frameworks",
				);
				MARKETING_VERSION = 1.0;
				PRODUCT_BUNDLE_IDENTIFIER = com.skorulis.Infinity;
				PRODUCT_NAME = "$(TARGET_NAME)";
				SWIFT_EMIT_LOC_STRINGS = YES;
				SWIFT_VERSION = 5.0;
				TARGETED_DEVICE_FAMILY = "1,2";
			};
			name = Release;
		};
/* End XCBuildConfiguration section */

/* Begin XCConfigurationList section */
		FA8A7F082B9EF2D600894B8C /* Build configuration list for PBXProject "Infinity" */ = {
			isa = XCConfigurationList;
			buildConfigurations = (
				FA8A7F192B9EF2D700894B8C /* Debug */,
				FA8A7F1A2B9EF2D700894B8C /* Release */,
			);
			defaultConfigurationIsVisible = 0;
			defaultConfigurationName = Release;
		};
		FA8A7F1B2B9EF2D700894B8C /* Build configuration list for PBXNativeTarget "Infinity" */ = {
			isa = XCConfigurationList;
			buildConfigurations = (
				FA8A7F1C2B9EF2D700894B8C /* Debug */,
				FA8A7F1D2B9EF2D700894B8C /* Release */,
			);
			defaultConfigurationIsVisible = 0;
			defaultConfigurationName = Release;
		};
/* End XCConfigurationList section */
	};
	rootObject = FA8A7F052B9EF2D600894B8C /* Project object */;
}
